
Microsoft Visual Studio Solution File, Format Version 12.00
# Visual Studio Version 16
VisualStudioVersion = 16.0.30711.63
MinimumVisualStudioVersion = 10.0.40219.1
Project("{9A19103F-16F7-4668-BE54-9A1E7A4F7556}") = "Task01", "Task01\Task01.csproj", "{0671F30C-AEFB-4532-8742-85E49E369BED}"
EndProject
Project("{9A19103F-16F7-4668-BE54-9A1E7A4F7556}") = "Task02", "Task02\Task02.csproj", "{E3372616-2D33-4651-9424-D79BE862D860}"
EndProject
Project("{FAE04EC0-301F-11D3-BF4B-00C04F79EFBC}") = "Task03", "Task03\Task03.csproj", "{34A01129-DF44-4663-9F61-FA957E7E9D04}"
EndProject
Project("{FAE04EC0-301F-11D3-BF4B-00C04F79EFBC}") = "Task04", "Task04\Task04.csproj", "{4135A010-6FCB-4087-A801-64C823DFA7E2}"
EndProject
Global
	GlobalSection(SolutionConfigurationPlatforms) = preSolution
		Debug|Any CPU = Debug|Any CPU
		Release|Any CPU = Release|Any CPU
	EndGlobalSection
	GlobalSection(ProjectConfigurationPlatforms) = postSolution
		{0671F30C-AEFB-4532-8742-85E49E369BED}.Debug|Any CPU.ActiveCfg = Debug|Any CPU
		{0671F30C-AEFB-4532-8742-85E49E369BED}.Debug|Any CPU.Build.0 = Debug|Any CPU
		{0671F30C-AEFB-4532-8742-85E49E369BED}.Release|Any CPU.ActiveCfg = Release|Any CPU
		{0671F30C-AEFB-4532-8742-85E49E369BED}.Release|Any CPU.Build.0 = Release|Any CPU
		{E3372616-2D33-4651-9424-D79BE862D860}.Debug|Any CPU.ActiveCfg = Debug|Any CPU
		{E3372616-2D33-4651-9424-D79BE862D860}.Debug|Any CPU.Build.0 = Debug|Any CPU
		{E3372616-2D33-4651-9424-D79BE862D860}.Release|Any CPU.ActiveCfg = Release|Any CPU
		{E3372616-2D33-4651-9424-D79BE862D860}.Release|Any CPU.Build.0 = Release|Any CPU
		{34A01129-DF44-4663-9F61-FA957E7E9D04}.Debug|Any CPU.ActiveCfg = Debug|Any CPU
		{34A01129-DF44-4663-9F61-FA957E7E9D04}.Debug|Any CPU.Build.0 = Debug|Any CPU
		{34A01129-DF44-4663-9F61-FA957E7E9D04}.Release|Any CPU.ActiveCfg = Release|Any CPU
		{34A01129-DF44-4663-9F61-FA957E7E9D04}.Release|Any CPU.Build.0 = Release|Any CPU
		{4135A010-6FCB-4087-A801-64C823DFA7E2}.Debug|Any CPU.ActiveCfg = Debug|Any CPU
		{4135A010-6FCB-4087-A801-64C823DFA7E2}.Debug|Any CPU.Build.0 = Debug|Any CPU
		{4135A010-6FCB-4087-A801-64C823DFA7E2}.Release|Any CPU.ActiveCfg = Release|Any CPU
		{4135A010-6FCB-4087-A801-64C823DFA7E2}.Release|Any CPU.Build.0 = Release|Any CPU
	EndGlobalSection
	GlobalSection(SolutionProperties) = preSolution
		HideSolutionNode = FALSE
	EndGlobalSection
	GlobalSection(ExtensibilityGlobals) = postSolution
		SolutionGuid = {397A4D66-5BAA-42CC-B1AF-127938E3E6C5}
	EndGlobalSection
EndGlobal
