
Microsoft Visual Studio Solution File, Format Version 12.00
# Visual Studio Version 16
VisualStudioVersion = 16.0.30711.63
MinimumVisualStudioVersion = 10.0.40219.1
Project("{9A19103F-16F7-4668-BE54-9A1E7A4F7556}") = "Task01", "Task01\Task01.csproj", "{DC1CF813-E0DD-4295-82FC-E25B55762850}"
EndProject
Project("{FAE04EC0-301F-11D3-BF4B-00C04F79EFBC}") = "Task02", "Task02\Task02.csproj", "{26710493-4F1B-423B-99EB-543CD0984603}"
EndProject
Project("{FAE04EC0-301F-11D3-BF4B-00C04F79EFBC}") = "Task03", "Task03\Task03.csproj", "{CF4FFC4D-17BA-4B74-933F-F6E225A8FEB9}"
EndProject
Project("{FAE04EC0-301F-11D3-BF4B-00C04F79EFBC}") = "Task04", "Task04\Task04.csproj", "{4457461E-9018-4112-AAFC-6748C37058A3}"
EndProject
Project("{FAE04EC0-301F-11D3-BF4B-00C04F79EFBC}") = "Task05", "Task05\Task05.csproj", "{9C771ABA-7E7C-4AAF-A91D-8DD161F2C353}"
EndProject
Global
	GlobalSection(SolutionConfigurationPlatforms) = preSolution
		Debug|Any CPU = Debug|Any CPU
		Release|Any CPU = Release|Any CPU
	EndGlobalSection
	GlobalSection(ProjectConfigurationPlatforms) = postSolution
		{DC1CF813-E0DD-4295-82FC-E25B55762850}.Debug|Any CPU.ActiveCfg = Debug|Any CPU
		{DC1CF813-E0DD-4295-82FC-E25B55762850}.Debug|Any CPU.Build.0 = Debug|Any CPU
		{DC1CF813-E0DD-4295-82FC-E25B55762850}.Release|Any CPU.ActiveCfg = Release|Any CPU
		{DC1CF813-E0DD-4295-82FC-E25B55762850}.Release|Any CPU.Build.0 = Release|Any CPU
		{26710493-4F1B-423B-99EB-543CD0984603}.Debug|Any CPU.ActiveCfg = Debug|Any CPU
		{26710493-4F1B-423B-99EB-543CD0984603}.Debug|Any CPU.Build.0 = Debug|Any CPU
		{26710493-4F1B-423B-99EB-543CD0984603}.Release|Any CPU.ActiveCfg = Release|Any CPU
		{26710493-4F1B-423B-99EB-543CD0984603}.Release|Any CPU.Build.0 = Release|Any CPU
		{CF4FFC4D-17BA-4B74-933F-F6E225A8FEB9}.Debug|Any CPU.ActiveCfg = Debug|Any CPU
		{CF4FFC4D-17BA-4B74-933F-F6E225A8FEB9}.Debug|Any CPU.Build.0 = Debug|Any CPU
		{CF4FFC4D-17BA-4B74-933F-F6E225A8FEB9}.Release|Any CPU.ActiveCfg = Release|Any CPU
		{CF4FFC4D-17BA-4B74-933F-F6E225A8FEB9}.Release|Any CPU.Build.0 = Release|Any CPU
		{4457461E-9018-4112-AAFC-6748C37058A3}.Debug|Any CPU.ActiveCfg = Debug|Any CPU
		{4457461E-9018-4112-AAFC-6748C37058A3}.Debug|Any CPU.Build.0 = Debug|Any CPU
		{4457461E-9018-4112-AAFC-6748C37058A3}.Release|Any CPU.ActiveCfg = Release|Any CPU
		{4457461E-9018-4112-AAFC-6748C37058A3}.Release|Any CPU.Build.0 = Release|Any CPU
		{9C771ABA-7E7C-4AAF-A91D-8DD161F2C353}.Debug|Any CPU.ActiveCfg = Debug|Any CPU
		{9C771ABA-7E7C-4AAF-A91D-8DD161F2C353}.Debug|Any CPU.Build.0 = Debug|Any CPU
		{9C771ABA-7E7C-4AAF-A91D-8DD161F2C353}.Release|Any CPU.ActiveCfg = Release|Any CPU
		{9C771ABA-7E7C-4AAF-A91D-8DD161F2C353}.Release|Any CPU.Build.0 = Release|Any CPU
	EndGlobalSection
	GlobalSection(SolutionProperties) = preSolution
		HideSolutionNode = FALSE
	EndGlobalSection
	GlobalSection(ExtensibilityGlobals) = postSolution
		SolutionGuid = {BE314648-2EBC-4AF8-BD57-EBCD4BDBF378}
	EndGlobalSection
EndGlobal
